
Microsoft Visual Studio Solution File, Format Version 12.00
# Visual Studio 14
VisualStudioVersion = 14.0.24720.0
MinimumVisualStudioVersion = 10.0.40219.1
Project("{FAE04EC0-301F-11D3-BF4B-00C04F79EFBC}") = "WpfApplication1", "WpfApplication1\WpfApplication1.csproj", "{7722A2CF-3CB4-4B36-A529-4753D46EA595}"
EndProject
Global
	GlobalSection(SolutionConfigurationPlatforms) = preSolution
		Debug|Any CPU = Debug|Any CPU
		Release|Any CPU = Release|Any CPU
	EndGlobalSection
	GlobalSection(ProjectConfigurationPlatforms) = postSolution
		{7722A2CF-3CB4-4B36-A529-4753D46EA595}.Debug|Any CPU.ActiveCfg = Debug|Any CPU
		{7722A2CF-3CB4-4B36-A529-4753D46EA595}.Debug|Any CPU.Build.0 = Debug|Any CPU
		{7722A2CF-3CB4-4B36-A529-4753D46EA595}.Release|Any CPU.ActiveCfg = Release|Any CPU
		{7722A2CF-3CB4-4B36-A529-4753D46EA595}.Release|Any CPU.Build.0 = Release|Any CPU
	EndGlobalSection
	GlobalSection(SolutionProperties) = preSolution
		HideSolutionNode = FALSE
	EndGlobalSection
EndGlobal
